// !$*UTF8*$!
{
	archiveVersion = 1;
	classes = {
	};
	objectVersion = 46;
	objects = {

/* Begin PBXBuildFile section */
		222819631B8948300090B1F2 /* CompletedToDoListTableViewController.m in Sources */ = {isa = PBXBuildFile; fileRef = 222819621B8948300090B1F2 /* CompletedToDoListTableViewController.m */; };
		2264B1681B88B5440049A406 /* main.m in Sources */ = {isa = PBXBuildFile; fileRef = 2264B1671B88B5440049A406 /* main.m */; };
		2264B16B1B88B5440049A406 /* AppDelegate.m in Sources */ = {isa = PBXBuildFile; fileRef = 2264B16A1B88B5440049A406 /* AppDelegate.m */; };
		2264B16E1B88B5440049A406 /* ViewController.m in Sources */ = {isa = PBXBuildFile; fileRef = 2264B16D1B88B5440049A406 /* ViewController.m */; };
		2264B1711B88B5440049A406 /* Main.storyboard in Resources */ = {isa = PBXBuildFile; fileRef = 2264B16F1B88B5440049A406 /* Main.storyboard */; };
		2264B1731B88B5440049A406 /* Images.xcassets in Resources */ = {isa = PBXBuildFile; fileRef = 2264B1721B88B5440049A406 /* Images.xcassets */; };
		2264B1761B88B5440049A406 /* LaunchScreen.xib in Resources */ = {isa = PBXBuildFile; fileRef = 2264B1741B88B5440049A406 /* LaunchScreen.xib */; };
		2264B1821B88B5440049A406 /* ToDoListTests.m in Sources */ = {isa = PBXBuildFile; fileRef = 2264B1811B88B5440049A406 /* ToDoListTests.m */; };
		2264B18D1B88B7640049A406 /* ToDoListTableViewController.m in Sources */ = {isa = PBXBuildFile; fileRef = 2264B18C1B88B7640049A406 /* ToDoListTableViewController.m */; };
		2264B1901B88B7A50049A406 /* AddToDoItemViewController.m in Sources */ = {isa = PBXBuildFile; fileRef = 2264B18F1B88B7A50049A406 /* AddToDoItemViewController.m */; };
		2264B1931B88B7BD0049A406 /* ToDoItem.m in Sources */ = {isa = PBXBuildFile; fileRef = 2264B1921B88B7BD0049A406 /* ToDoItem.m */; };
/* End PBXBuildFile section */

/* Begin PBXContainerItemProxy section */
		2264B17C1B88B5440049A406 /* PBXContainerItemProxy */ = {
			isa = PBXContainerItemProxy;
			containerPortal = 2264B15A1B88B5440049A406 /* Project object */;
			proxyType = 1;
			remoteGlobalIDString = 2264B1611B88B5440049A406;
			remoteInfo = ToDoList;
		};
/* End PBXContainerItemProxy section */

/* Begin PBXFileReference section */
		222819611B8948300090B1F2 /* CompletedToDoListTableViewController.h */ = {isa = PBXFileReference; fileEncoding = 4; lastKnownFileType = sourcecode.c.h; path = CompletedToDoListTableViewController.h; sourceTree = "<group>"; };
		222819621B8948300090B1F2 /* CompletedToDoListTableViewController.m */ = {isa = PBXFileReference; fileEncoding = 4; lastKnownFileType = sourcecode.c.objc; path = CompletedToDoListTableViewController.m; sourceTree = "<group>"; };
		2264B1621B88B5440049A406 /* ToDoList.app */ = {isa = PBXFileReference; explicitFileType = wrapper.application; includeInIndex = 0; path = ToDoList.app; sourceTree = BUILT_PRODUCTS_DIR; };
		2264B1661B88B5440049A406 /* Info.plist */ = {isa = PBXFileReference; lastKnownFileType = text.plist.xml; path = Info.plist; sourceTree = "<group>"; };
		2264B1671B88B5440049A406 /* main.m */ = {isa = PBXFileReference; lastKnownFileType = sourcecode.c.objc; path = main.m; sourceTree = "<group>"; };
		2264B1691B88B5440049A406 /* AppDelegate.h */ = {isa = PBXFileReference; lastKnownFileType = sourcecode.c.h; path = AppDelegate.h; sourceTree = "<group>"; };
		2264B16A1B88B5440049A406 /* AppDelegate.m */ = {isa = PBXFileReference; lastKnownFileType = sourcecode.c.objc; path = AppDelegate.m; sourceTree = "<group>"; };
		2264B16C1B88B5440049A406 /* ViewController.h */ = {isa = PBXFileReference; lastKnownFileType = sourcecode.c.h; path = ViewController.h; sourceTree = "<group>"; };
		2264B16D1B88B5440049A406 /* ViewController.m */ = {isa = PBXFileReference; lastKnownFileType = sourcecode.c.objc; path = ViewController.m; sourceTree = "<group>"; };
		2264B1701B88B5440049A406 /* Base */ = {isa = PBXFileReference; lastKnownFileType = file.storyboard; name = Base; path = Base.lproj/Main.storyboard; sourceTree = "<group>"; };
		2264B1721B88B5440049A406 /* Images.xcassets */ = {isa = PBXFileReference; lastKnownFileType = folder.assetcatalog; path = Images.xcassets; sourceTree = "<group>"; };
		2264B1751B88B5440049A406 /* Base */ = {isa = PBXFileReference; lastKnownFileType = file.xib; name = Base; path = Base.lproj/LaunchScreen.xib; sourceTree = "<group>"; };
		2264B17B1B88B5440049A406 /* ToDoListTests.xctest */ = {isa = PBXFileReference; explicitFileType = wrapper.cfbundle; includeInIndex = 0; path = ToDoListTests.xctest; sourceTree = BUILT_PRODUCTS_DIR; };
		2264B1801B88B5440049A406 /* Info.plist */ = {isa = PBXFileReference; lastKnownFileType = text.plist.xml; path = Info.plist; sourceTree = "<group>"; };
		2264B1811B88B5440049A406 /* ToDoListTests.m */ = {isa = PBXFileReference; lastKnownFileType = sourcecode.c.objc; path = ToDoListTests.m; sourceTree = "<group>"; };
		2264B18B1B88B7640049A406 /* ToDoListTableViewController.h */ = {isa = PBXFileReference; fileEncoding = 4; lastKnownFileType = sourcecode.c.h; path = ToDoListTableViewController.h; sourceTree = "<group>"; };
		2264B18C1B88B7640049A406 /* ToDoListTableViewController.m */ = {isa = PBXFileReference; fileEncoding = 4; lastKnownFileType = sourcecode.c.objc; path = ToDoListTableViewController.m; sourceTree = "<group>"; };
		2264B18E1B88B7A50049A406 /* AddToDoItemViewController.h */ = {isa = PBXFileReference; fileEncoding = 4; lastKnownFileType = sourcecode.c.h; path = AddToDoItemViewController.h; sourceTree = "<group>"; };
		2264B18F1B88B7A50049A406 /* AddToDoItemViewController.m */ = {isa = PBXFileReference; fileEncoding = 4; lastKnownFileType = sourcecode.c.objc; path = AddToDoItemViewController.m; sourceTree = "<group>"; };
		2264B1911B88B7BD0049A406 /* ToDoItem.h */ = {isa = PBXFileReference; fileEncoding = 4; lastKnownFileType = sourcecode.c.h; path = ToDoItem.h; sourceTree = "<group>"; };
		2264B1921B88B7BD0049A406 /* ToDoItem.m */ = {isa = PBXFileReference; fileEncoding = 4; lastKnownFileType = sourcecode.c.objc; path = ToDoItem.m; sourceTree = "<group>"; };
/* End PBXFileReference section */

/* Begin PBXFrameworksBuildPhase section */
		2264B15F1B88B5440049A406 /* Frameworks */ = {
			isa = PBXFrameworksBuildPhase;
			buildActionMask = 2147483647;
			files = (
			);
			runOnlyForDeploymentPostprocessing = 0;
		};
		2264B1781B88B5440049A406 /* Frameworks */ = {
			isa = PBXFrameworksBuildPhase;
			buildActionMask = 2147483647;
			files = (
			);
			runOnlyForDeploymentPostprocessing = 0;
		};
/* End PBXFrameworksBuildPhase section */

/* Begin PBXGroup section */
		2264B1591B88B5440049A406 = {
			isa = PBXGroup;
			children = (
				2264B1641B88B5440049A406 /* ToDoList */,
				2264B17E1B88B5440049A406 /* ToDoListTests */,
				2264B1631B88B5440049A406 /* Products */,
			);
			sourceTree = "<group>";
		};
		2264B1631B88B5440049A406 /* Products */ = {
			isa = PBXGroup;
			children = (
				2264B1621B88B5440049A406 /* ToDoList.app */,
				2264B17B1B88B5440049A406 /* ToDoListTests.xctest */,
			);
			name = Products;
			sourceTree = "<group>";
		};
		2264B1641B88B5440049A406 /* ToDoList */ = {
			isa = PBXGroup;
			children = (
				2264B18E1B88B7A50049A406 /* AddToDoItemViewController.h */,
				2264B18F1B88B7A50049A406 /* AddToDoItemViewController.m */,
				2264B1691B88B5440049A406 /* AppDelegate.h */,
				2264B16A1B88B5440049A406 /* AppDelegate.m */,
				222819611B8948300090B1F2 /* CompletedToDoListTableViewController.h */,
				222819621B8948300090B1F2 /* CompletedToDoListTableViewController.m */,
				2264B1721B88B5440049A406 /* Images.xcassets */,
				2264B1741B88B5440049A406 /* LaunchScreen.xib */,
				2264B16F1B88B5440049A406 /* Main.storyboard */,
				2264B1651B88B5440049A406 /* Supporting Files */,
				2264B1911B88B7BD0049A406 /* ToDoItem.h */,
				2264B1921B88B7BD0049A406 /* ToDoItem.m */,
				2264B18B1B88B7640049A406 /* ToDoListTableViewController.h */,
				2264B18C1B88B7640049A406 /* ToDoListTableViewController.m */,
				2264B16C1B88B5440049A406 /* ViewController.h */,
				2264B16D1B88B5440049A406 /* ViewController.m */,
			);
			path = ToDoList;
			sourceTree = "<group>";
		};
		2264B1651B88B5440049A406 /* Supporting Files */ = {
			isa = PBXGroup;
			children = (
				2264B1661B88B5440049A406 /* Info.plist */,
				2264B1671B88B5440049A406 /* main.m */,
			);
			name = "Supporting Files";
			sourceTree = "<group>";
		};
		2264B17E1B88B5440049A406 /* ToDoListTests */ = {
			isa = PBXGroup;
			children = (
				2264B1811B88B5440049A406 /* ToDoListTests.m */,
				2264B17F1B88B5440049A406 /* Supporting Files */,
			);
			path = ToDoListTests;
			sourceTree = "<group>";
		};
		2264B17F1B88B5440049A406 /* Supporting Files */ = {
			isa = PBXGroup;
			children = (
				2264B1801B88B5440049A406 /* Info.plist */,
			);
			name = "Supporting Files";
			sourceTree = "<group>";
		};
/* End PBXGroup section */

/* Begin PBXNativeTarget section */
		2264B1611B88B5440049A406 /* ToDoList */ = {
			isa = PBXNativeTarget;
			buildConfigurationList = 2264B1851B88B5440049A406 /* Build configuration list for PBXNativeTarget "ToDoList" */;
			buildPhases = (
				2264B15E1B88B5440049A406 /* Sources */,
				2264B15F1B88B5440049A406 /* Frameworks */,
				2264B1601B88B5440049A406 /* Resources */,
			);
			buildRules = (
			);
			dependencies = (
			);
			name = ToDoList;
			productName = ToDoList;
			productReference = 2264B1621B88B5440049A406 /* ToDoList.app */;
			productType = "com.apple.product-type.application";
		};
		2264B17A1B88B5440049A406 /* ToDoListTests */ = {
			isa = PBXNativeTarget;
			buildConfigurationList = 2264B1881B88B5440049A406 /* Build configuration list for PBXNativeTarget "ToDoListTests" */;
			buildPhases = (
				2264B1771B88B5440049A406 /* Sources */,
				2264B1781B88B5440049A406 /* Frameworks */,
				2264B1791B88B5440049A406 /* Resources */,
			);
			buildRules = (
			);
			dependencies = (
				2264B17D1B88B5440049A406 /* PBXTargetDependency */,
			);
			name = ToDoListTests;
			productName = ToDoListTests;
			productReference = 2264B17B1B88B5440049A406 /* ToDoListTests.xctest */;
			productType = "com.apple.product-type.bundle.unit-test";
		};
/* End PBXNativeTarget section */

/* Begin PBXProject section */
		2264B15A1B88B5440049A406 /* Project object */ = {
			isa = PBXProject;
			attributes = {
				LastUpgradeCheck = 0640;
				ORGANIZATIONNAME = CaiMac;
				TargetAttributes = {
					2264B1611B88B5440049A406 = {
						CreatedOnToolsVersion = 6.4;
					};
					2264B17A1B88B5440049A406 = {
						CreatedOnToolsVersion = 6.4;
						TestTargetID = 2264B1611B88B5440049A406;
					};
				};
			};
			buildConfigurationList = 2264B15D1B88B5440049A406 /* Build configuration list for PBXProject "ToDoList" */;
			compatibilityVersion = "Xcode 3.2";
			developmentRegion = English;
			hasScannedForEncodings = 0;
			knownRegions = (
				en,
				Base,
			);
			mainGroup = 2264B1591B88B5440049A406;
			productRefGroup = 2264B1631B88B5440049A406 /* Products */;
			projectDirPath = "";
			projectRoot = "";
			targets = (
				2264B1611B88B5440049A406 /* ToDoList */,
				2264B17A1B88B5440049A406 /* ToDoListTests */,
			);
		};
/* End PBXProject section */

/* Begin PBXResourcesBuildPhase section */
		2264B1601B88B5440049A406 /* Resources */ = {
			isa = PBXResourcesBuildPhase;
			buildActionMask = 2147483647;
			files = (
				2264B1711B88B5440049A406 /* Main.storyboard in Resources */,
				2264B1761B88B5440049A406 /* LaunchScreen.xib in Resources */,
				2264B1731B88B5440049A406 /* Images.xcassets in Resources */,
			);
			runOnlyForDeploymentPostprocessing = 0;
		};
		2264B1791B88B5440049A406 /* Resources */ = {
			isa = PBXResourcesBuildPhase;
			buildActionMask = 2147483647;
			files = (
			);
			runOnlyForDeploymentPostprocessing = 0;
		};
/* End PBXResourcesBuildPhase section */

/* Begin PBXSourcesBuildPhase section */
		2264B15E1B88B5440049A406 /* Sources */ = {
			isa = PBXSourcesBuildPhase;
			buildActionMask = 2147483647;
			files = (
				2264B1931B88B7BD0049A406 /* ToDoItem.m in Sources */,
				2264B16E1B88B5440049A406 /* ViewController.m in Sources */,
				2264B1901B88B7A50049A406 /* AddToDoItemViewController.m in Sources */,
				2264B18D1B88B7640049A406 /* ToDoListTableViewController.m in Sources */,
				2264B16B1B88B5440049A406 /* AppDelegate.m in Sources */,
				2264B1681B88B5440049A406 /* main.m in Sources */,
				222819631B8948300090B1F2 /* CompletedToDoListTableViewController.m in Sources */,
			);
			runOnlyForDeploymentPostprocessing = 0;
		};
		2264B1771B88B5440049A406 /* Sources */ = {
			isa = PBXSourcesBuildPhase;
			buildActionMask = 2147483647;
			files = (
				2264B1821B88B5440049A406 /* ToDoListTests.m in Sources */,
			);
			runOnlyForDeploymentPostprocessing = 0;
		};
/* End PBXSourcesBuildPhase section */

/* Begin PBXTargetDependency section */
		2264B17D1B88B5440049A406 /* PBXTargetDependency */ = {
			isa = PBXTargetDependency;
			target = 2264B1611B88B5440049A406 /* ToDoList */;
			targetProxy = 2264B17C1B88B5440049A406 /* PBXContainerItemProxy */;
		};
/* End PBXTargetDependency section */

/* Begin PBXVariantGroup section */
		2264B16F1B88B5440049A406 /* Main.storyboard */ = {
			isa = PBXVariantGroup;
			children = (
				2264B1701B88B5440049A406 /* Base */,
			);
			name = Main.storyboard;
			sourceTree = "<group>";
		};
		2264B1741B88B5440049A406 /* LaunchScreen.xib */ = {
			isa = PBXVariantGroup;
			children = (
				2264B1751B88B5440049A406 /* Base */,
			);
			name = LaunchScreen.xib;
			sourceTree = "<group>";
		};
/* End PBXVariantGroup section */

/* Begin XCBuildConfiguration section */
		2264B1831B88B5440049A406 /* Debug */ = {
			isa = XCBuildConfiguration;
			buildSettings = {
				ALWAYS_SEARCH_USER_PATHS = NO;
				CLANG_CXX_LANGUAGE_STANDARD = "gnu++0x";
				CLANG_CXX_LIBRARY = "libc++";
				CLANG_ENABLE_MODULES = YES;
				CLANG_ENABLE_OBJC_ARC = YES;
				CLANG_WARN_BOOL_CONVERSION = YES;
				CLANG_WARN_CONSTANT_CONVERSION = YES;
				CLANG_WARN_DIRECT_OBJC_ISA_USAGE = YES_ERROR;
				CLANG_WARN_EMPTY_BODY = YES;
				CLANG_WARN_ENUM_CONVERSION = YES;
				CLANG_WARN_INT_CONVERSION = YES;
				CLANG_WARN_OBJC_ROOT_CLASS = YES_ERROR;
				CLANG_WARN_UNREACHABLE_CODE = YES;
				CLANG_WARN__DUPLICATE_METHOD_MATCH = YES;
				"CODE_SIGN_IDENTITY[sdk=iphoneos*]" = "iPhone Developer";
				COPY_PHASE_STRIP = NO;
				DEBUG_INFORMATION_FORMAT = "dwarf-with-dsym";
				ENABLE_STRICT_OBJC_MSGSEND = YES;
				GCC_C_LANGUAGE_STANDARD = gnu99;
				GCC_DYNAMIC_NO_PIC = NO;
				GCC_NO_COMMON_BLOCKS = YES;
				GCC_OPTIMIZATION_LEVEL = 0;
				GCC_PREPROCESSOR_DEFINITIONS = (
					"DEBUG=1",
					"$(inherited)",
				);
				GCC_SYMBOLS_PRIVATE_EXTERN = NO;
				GCC_WARN_64_TO_32_BIT_CONVERSION = YES;
				GCC_WARN_ABOUT_RETURN_TYPE = YES_ERROR;
				GCC_WARN_UNDECLARED_SELECTOR = YES;
				GCC_WARN_UNINITIALIZED_AUTOS = YES_AGGRESSIVE;
				GCC_WARN_UNUSED_FUNCTION = YES;
				GCC_WARN_UNUSED_VARIABLE = YES;
				IPHONEOS_DEPLOYMENT_TARGET = 8.4;
				MTL_ENABLE_DEBUG_INFO = YES;
				ONLY_ACTIVE_ARCH = YES;
				SDKROOT = iphoneos;
				TARGETED_DEVICE_FAMILY = "1,2";
			};
			name = Debug;
		};
		2264B1841B88B5440049A406 /* Release */ = {
			isa = XCBuildConfiguration;
			buildSettings = {
				ALWAYS_SEARCH_USER_PATHS = NO;
				CLANG_CXX_LANGUAGE_STANDARD = "gnu++0x";
				CLANG_CXX_LIBRARY = "libc++";
				CLANG_ENABLE_MODULES = YES;
				CLANG_ENABLE_OBJC_ARC = YES;
				CLANG_WARN_BOOL_CONVERSION = YES;
				CLANG_WARN_CONSTANT_CONVERSION = YES;
				CLANG_WARN_DIRECT_OBJC_ISA_USAGE = YES_ERROR;
				CLANG_WARN_EMPTY_BODY = YES;
				CLANG_WARN_ENUM_CONVERSION = YES;
				CLANG_WARN_INT_CONVERSION = YES;
				CLANG_WARN_OBJC_ROOT_CLASS = YES_ERROR;
				CLANG_WARN_UNREACHABLE_CODE = YES;
				CLANG_WARN__DUPLICATE_METHOD_MATCH = YES;
				"CODE_SIGN_IDENTITY[sdk=iphoneos*]" = "iPhone Developer";
				COPY_PHASE_STRIP = NO;
				DEBUG_INFORMATION_FORMAT = "dwarf-with-dsym";
				ENABLE_NS_ASSERTIONS = NO;
				ENABLE_STRICT_OBJC_MSGSEND = YES;
				GCC_C_LANGUAGE_STANDARD = gnu99;
				GCC_NO_COMMON_BLOCKS = YES;
				GCC_WARN_64_TO_32_BIT_CONVERSION = YES;
				GCC_WARN_ABOUT_RETURN_TYPE = YES_ERROR;
				GCC_WARN_UNDECLARED_SELECTOR = YES;
				GCC_WARN_UNINITIALIZED_AUTOS = YES_AGGRESSIVE;
				GCC_WARN_UNUSED_FUNCTION = YES;
				GCC_WARN_UNUSED_VARIABLE = YES;
				IPHONEOS_DEPLOYMENT_TARGET = 8.4;
				MTL_ENABLE_DEBUG_INFO = NO;
				SDKROOT = iphoneos;
				TARGETED_DEVICE_FAMILY = "1,2";
				VALIDATE_PRODUCT = YES;
			};
			name = Release;
		};
		2264B1861B88B5440049A406 /* Debug */ = {
			isa = XCBuildConfiguration;
			buildSettings = {
				ASSETCATALOG_COMPILER_APPICON_NAME = AppIcon;
				INFOPLIST_FILE = ToDoList/Info.plist;
				LD_RUNPATH_SEARCH_PATHS = "$(inherited) @executable_path/Frameworks";
				PRODUCT_NAME = "$(TARGET_NAME)";
			};
			name = Debug;
		};
		2264B1871B88B5440049A406 /* Release */ = {
			isa = XCBuildConfiguration;
			buildSettings = {
				ASSETCATALOG_COMPILER_APPICON_NAME = AppIcon;
				INFOPLIST_FILE = ToDoList/Info.plist;
				LD_RUNPATH_SEARCH_PATHS = "$(inherited) @executable_path/Frameworks";
				PRODUCT_NAME = "$(TARGET_NAME)";
			};
			name = Release;
		};
		2264B1891B88B5440049A406 /* Debug */ = {
			isa = XCBuildConfiguration;
			buildSettings = {
				BUNDLE_LOADER = "$(TEST_HOST)";
				FRAMEWORK_SEARCH_PATHS = (
					"$(SDKROOT)/Developer/Library/Frameworks",
					"$(inherited)",
				);
				GCC_PREPROCESSOR_DEFINITIONS = (
					"DEBUG=1",
					"$(inherited)",
				);
				INFOPLIST_FILE = ToDoListTests/Info.plist;
				LD_RUNPATH_SEARCH_PATHS = "$(inherited) @executable_path/Frameworks @loader_path/Frameworks";
				PRODUCT_NAME = "$(TARGET_NAME)";
				TEST_HOST = "$(BUILT_PRODUCTS_DIR)/ToDoList.app/ToDoList";
			};
			name = Debug;
		};
		2264B18A1B88B5440049A406 /* Release */ = {
			isa = XCBuildConfiguration;
			buildSettings = {
				BUNDLE_LOADER = "$(TEST_HOST)";
				FRAMEWORK_SEARCH_PATHS = (
					"$(SDKROOT)/Developer/Library/Frameworks",
					"$(inherited)",
				);
				INFOPLIST_FILE = ToDoListTests/Info.plist;
				LD_RUNPATH_SEARCH_PATHS = "$(inherited) @executable_path/Frameworks @loader_path/Frameworks";
				PRODUCT_NAME = "$(TARGET_NAME)";
				TEST_HOST = "$(BUILT_PRODUCTS_DIR)/ToDoList.app/ToDoList";
			};
			name = Release;
		};
/* End XCBuildConfiguration section */

/* Begin XCConfigurationList section */
		2264B15D1B88B5440049A406 /* Build configuration list for PBXProject "ToDoList" */ = {
			isa = XCConfigurationList;
			buildConfigurations = (
				2264B1831B88B5440049A406 /* Debug */,
				2264B1841B88B5440049A406 /* Release */,
			);
			defaultConfigurationIsVisible = 0;
			defaultConfigurationName = Release;
		};
		2264B1851B88B5440049A406 /* Build configuration list for PBXNativeTarget "ToDoList" */ = {
			isa = XCConfigurationList;
			buildConfigurations = (
				2264B1861B88B5440049A406 /* Debug */,
				2264B1871B88B5440049A406 /* Release */,
			);
			defaultConfigurationIsVisible = 0;
			defaultConfigurationName = Release;
		};
		2264B1881B88B5440049A406 /* Build configuration list for PBXNativeTarget "ToDoListTests" */ = {
			isa = XCConfigurationList;
			buildConfigurations = (
				2264B1891B88B5440049A406 /* Debug */,
				2264B18A1B88B5440049A406 /* Release */,
			);
			defaultConfigurationIsVisible = 0;
			defaultConfigurationName = Release;
		};
/* End XCConfigurationList section */
	};
	rootObject = 2264B15A1B88B5440049A406 /* Project object */;
}
